
Microsoft Visual Studio Solution File, Format Version 12.00
Project("{FAE04EC0-301F-11D3-BF4B-00C04F79EFBC}") = "itembank-index-backend", "itembank-index-backend\itembank-index-backend.csproj", "{698B29DC-523B-4857-96DF-7B4218680504}"
EndProject
Global
	GlobalSection(SolutionConfigurationPlatforms) = preSolution
		Debug|Any CPU = Debug|Any CPU
		Release|Any CPU = Release|Any CPU
	EndGlobalSection
	GlobalSection(ProjectConfigurationPlatforms) = postSolution
		{698B29DC-523B-4857-96DF-7B4218680504}.Debug|Any CPU.ActiveCfg = Debug|Any CPU
		{698B29DC-523B-4857-96DF-7B4218680504}.Debug|Any CPU.Build.0 = Debug|Any CPU
		{698B29DC-523B-4857-96DF-7B4218680504}.Release|Any CPU.ActiveCfg = Release|Any CPU
		{698B29DC-523B-4857-96DF-7B4218680504}.Release|Any CPU.Build.0 = Release|Any CPU
	EndGlobalSection
EndGlobal
